
Microsoft Visual Studio Solution File, Format Version 12.00
# Visual Studio 15
VisualStudioVersion = 15.0.28307.1738
MinimumVisualStudioVersion = 10.0.40219.1
Project("{FAE04EC0-301F-11D3-BF4B-00C04F79EFBC}") = "leap year", "leap year\leap year.csproj", "{278294CA-CAA9-48C4-880A-B4B4916FC10C}"
EndProject
Global
	GlobalSection(SolutionConfigurationPlatforms) = preSolution
		Debug|Any CPU = Debug|Any CPU
		Release|Any CPU = Release|Any CPU
	EndGlobalSection
	GlobalSection(ProjectConfigurationPlatforms) = postSolution
		{278294CA-CAA9-48C4-880A-B4B4916FC10C}.Debug|Any CPU.ActiveCfg = Debug|Any CPU
		{278294CA-CAA9-48C4-880A-B4B4916FC10C}.Debug|Any CPU.Build.0 = Debug|Any CPU
		{278294CA-CAA9-48C4-880A-B4B4916FC10C}.Release|Any CPU.ActiveCfg = Release|Any CPU
		{278294CA-CAA9-48C4-880A-B4B4916FC10C}.Release|Any CPU.Build.0 = Release|Any CPU
	EndGlobalSection
	GlobalSection(SolutionProperties) = preSolution
		HideSolutionNode = FALSE
	EndGlobalSection
	GlobalSection(ExtensibilityGlobals) = postSolution
		SolutionGuid = {C16FB3EF-6FAA-44C6-A412-3CCFDDDB4105}
	EndGlobalSection
EndGlobal
